
Microsoft Visual Studio Solution File, Format Version 12.00
# Visual Studio 2015
Project("{FAE04EC0-301F-11D3-BF4B-00C04F79EFBC}") = "DUEL.CSharp", "DUEL.CSharp.csproj", "{55CC513D-2635-BC20-58D0-443C6F0295F2}"
EndProject
Project("{FAE04EC0-301F-11D3-BF4B-00C04F79EFBC}") = "DUEL.CSharp.Editor", "DUEL.CSharp.Editor.csproj", "{06CC031B-3E6D-658E-1D5B-5185F8C5D1FF}"
EndProject
Global
	GlobalSection(SolutionConfigurationPlatforms) = preSolution
		Debug|Any CPU = Debug|Any CPU
		Release|Any CPU = Release|Any CPU
	EndGlobalSection
	GlobalSection(ProjectConfigurationPlatforms) = postSolution
		{55CC513D-2635-BC20-58D0-443C6F0295F2}.Debug|Any CPU.ActiveCfg = Debug|Any CPU
		{55CC513D-2635-BC20-58D0-443C6F0295F2}.Debug|Any CPU.Build.0 = Debug|Any CPU
		{55CC513D-2635-BC20-58D0-443C6F0295F2}.Release|Any CPU.ActiveCfg = Release|Any CPU
		{55CC513D-2635-BC20-58D0-443C6F0295F2}.Release|Any CPU.Build.0 = Release|Any CPU
		{06CC031B-3E6D-658E-1D5B-5185F8C5D1FF}.Debug|Any CPU.ActiveCfg = Debug|Any CPU
		{06CC031B-3E6D-658E-1D5B-5185F8C5D1FF}.Debug|Any CPU.Build.0 = Debug|Any CPU
		{06CC031B-3E6D-658E-1D5B-5185F8C5D1FF}.Release|Any CPU.ActiveCfg = Release|Any CPU
		{06CC031B-3E6D-658E-1D5B-5185F8C5D1FF}.Release|Any CPU.Build.0 = Release|Any CPU
	EndGlobalSection
	GlobalSection(SolutionProperties) = preSolution
		HideSolutionNode = FALSE
	EndGlobalSection
EndGlobal
